
Microsoft Visual Studio Solution File, Format Version 12.00
# Visual Studio Version 16
VisualStudioVersion = 16.0.33214.272
MinimumVisualStudioVersion = 10.0.40219.1
Project("{FAE04EC0-301F-11D3-BF4B-00C04F79EFBC}") = "MP1", "MP1\MP1.csproj", "{BE533A43-FC11-46C6-BB94-C19EE3522562}"
EndProject
Global
	GlobalSection(SolutionConfigurationPlatforms) = preSolution
		Debug|Any CPU = Debug|Any CPU
		Release|Any CPU = Release|Any CPU
	EndGlobalSection
	GlobalSection(ProjectConfigurationPlatforms) = postSolution
		{BE533A43-FC11-46C6-BB94-C19EE3522562}.Debug|Any CPU.ActiveCfg = Debug|Any CPU
		{BE533A43-FC11-46C6-BB94-C19EE3522562}.Debug|Any CPU.Build.0 = Debug|Any CPU
		{BE533A43-FC11-46C6-BB94-C19EE3522562}.Release|Any CPU.ActiveCfg = Release|Any CPU
		{BE533A43-FC11-46C6-BB94-C19EE3522562}.Release|Any CPU.Build.0 = Release|Any CPU
	EndGlobalSection
	GlobalSection(SolutionProperties) = preSolution
		HideSolutionNode = FALSE
	EndGlobalSection
	GlobalSection(ExtensibilityGlobals) = postSolution
		SolutionGuid = {BAB44289-257A-4A16-BFDE-6EB999740529}
	EndGlobalSection
EndGlobal
